// !$*UTF8*$!
{
	archiveVersion = 1;
	classes = {
	};
	objectVersion = 50;
	objects = {

/* Begin PBXBuildFile section */
		18E4AD692439E0B100B031B9 /* AppDelegate.swift in Sources */ = {isa = PBXBuildFile; fileRef = 18E4AD682439E0B100B031B9 /* AppDelegate.swift */; };
		18E4AD6B2439E0B100B031B9 /* SceneDelegate.swift in Sources */ = {isa = PBXBuildFile; fileRef = 18E4AD6A2439E0B100B031B9 /* SceneDelegate.swift */; };
		18E4AD6D2439E0B100B031B9 /* ContentView.swift in Sources */ = {isa = PBXBuildFile; fileRef = 18E4AD6C2439E0B100B031B9 /* ContentView.swift */; };
		18E4AD6F2439E0B300B031B9 /* Assets.xcassets in Resources */ = {isa = PBXBuildFile; fileRef = 18E4AD6E2439E0B300B031B9 /* Assets.xcassets */; };
		18E4AD722439E0B300B031B9 /* Preview Assets.xcassets in Resources */ = {isa = PBXBuildFile; fileRef = 18E4AD712439E0B300B031B9 /* Preview Assets.xcassets */; };
		18E4AD752439E0B300B031B9 /* LaunchScreen.storyboard in Resources */ = {isa = PBXBuildFile; fileRef = 18E4AD732439E0B300B031B9 /* LaunchScreen.storyboard */; };
/* End PBXBuildFile section */

/* Begin PBXFileReference section */
		18E4AD652439E0B100B031B9 /* TempratureConvertSwiftUI.app */ = {isa = PBXFileReference; explicitFileType = wrapper.application; includeInIndex = 0; path = TempratureConvertSwiftUI.app; sourceTree = BUILT_PRODUCTS_DIR; };
		18E4AD682439E0B100B031B9 /* AppDelegate.swift */ = {isa = PBXFileReference; lastKnownFileType = sourcecode.swift; path = AppDelegate.swift; sourceTree = "<group>"; };
		18E4AD6A2439E0B100B031B9 /* SceneDelegate.swift */ = {isa = PBXFileReference; lastKnownFileType = sourcecode.swift; path = SceneDelegate.swift; sourceTree = "<group>"; };
		18E4AD6C2439E0B100B031B9 /* ContentView.swift */ = {isa = PBXFileReference; lastKnownFileType = sourcecode.swift; path = ContentView.swift; sourceTree = "<group>"; };
		18E4AD6E2439E0B300B031B9 /* Assets.xcassets */ = {isa = PBXFileReference; lastKnownFileType = folder.assetcatalog; path = Assets.xcassets; sourceTree = "<group>"; };
		18E4AD712439E0B300B031B9 /* Preview Assets.xcassets */ = {isa = PBXFileReference; lastKnownFileType = folder.assetcatalog; path = "Preview Assets.xcassets"; sourceTree = "<group>"; };
		18E4AD742439E0B300B031B9 /* Base */ = {isa = PBXFileReference; lastKnownFileType = file.storyboard; name = Base; path = Base.lproj/LaunchScreen.storyboard; sourceTree = "<group>"; };
		18E4AD762439E0B300B031B9 /* Info.plist */ = {isa = PBXFileReference; lastKnownFileType = text.plist.xml; path = Info.plist; sourceTree = "<group>"; };
/* End PBXFileReference section */

/* Begin PBXFrameworksBuildPhase section */
		18E4AD622439E0B100B031B9 /* Frameworks */ = {
			isa = PBXFrameworksBuildPhase;
			buildActionMask = 2147483647;
			files = (
			);
			runOnlyForDeploymentPostprocessing = 0;
		};
/* End PBXFrameworksBuildPhase section */

/* Begin PBXGroup section */
		18E4AD5C2439E0B100B031B9 = {
			isa = PBXGroup;
			children = (
				18E4AD672439E0B100B031B9 /* TempratureConvertSwiftUI */,
				18E4AD662439E0B100B031B9 /* Products */,
			);
			sourceTree = "<group>";
		};
		18E4AD662439E0B100B031B9 /* Products */ = {
			isa = PBXGroup;
			children = (
				18E4AD652439E0B100B031B9 /* TempratureConvertSwiftUI.app */,
			);
			name = Products;
			sourceTree = "<group>";
		};
		18E4AD672439E0B100B031B9 /* TempratureConvertSwiftUI */ = {
			isa = PBXGroup;
			children = (
				18E4AD682439E0B100B031B9 /* AppDelegate.swift */,
				18E4AD6A2439E0B100B031B9 /* SceneDelegate.swift */,
				18E4AD6C2439E0B100B031B9 /* ContentView.swift */,
				18E4AD6E2439E0B300B031B9 /* Assets.xcassets */,
				18E4AD732439E0B300B031B9 /* LaunchScreen.storyboard */,
				18E4AD762439E0B300B031B9 /* Info.plist */,
				18E4AD702439E0B300B031B9 /* Preview Content */,
			);
			path = TempratureConvertSwiftUI;
			sourceTree = "<group>";
		};
		18E4AD702439E0B300B031B9 /* Preview Content */ = {
			isa = PBXGroup;
			children = (
				18E4AD712439E0B300B031B9 /* Preview Assets.xcassets */,
			);
			path = "Preview Content";
			sourceTree = "<group>";
		};
/* End PBXGroup section */

/* Begin PBXNativeTarget section */
		18E4AD642439E0B100B031B9 /* TempratureConvertSwiftUI */ = {
			isa = PBXNativeTarget;
			buildConfigurationList = 18E4AD792439E0B300B031B9 /* Build configuration list for PBXNativeTarget "TempratureConvertSwiftUI" */;
			buildPhases = (
				18E4AD612439E0B100B031B9 /* Sources */,
				18E4AD622439E0B100B031B9 /* Frameworks */,
				18E4AD632439E0B100B031B9 /* Resources */,
			);
			buildRules = (
			);
			dependencies = (
			);
			name = TempratureConvertSwiftUI;
			productName = TempratureConvertSwiftUI;
			productReference = 18E4AD652439E0B100B031B9 /* TempratureConvertSwiftUI.app */;
			productType = "com.apple.product-type.application";
		};
/* End PBXNativeTarget section */

/* Begin PBXProject section */
		18E4AD5D2439E0B100B031B9 /* Project object */ = {
			isa = PBXProject;
			attributes = {
				LastSwiftUpdateCheck = 1140;
				LastUpgradeCheck = 1140;
				ORGANIZATIONNAME = mracipayam;
				TargetAttributes = {
					18E4AD642439E0B100B031B9 = {
						CreatedOnToolsVersion = 11.4;
					};
				};
			};
			buildConfigurationList = 18E4AD602439E0B100B031B9 /* Build configuration list for PBXProject "TempratureConvertSwiftUI" */;
			compatibilityVersion = "Xcode 9.3";
			developmentRegion = en;
			hasScannedForEncodings = 0;
			knownRegions = (
				en,
				Base,
			);
			mainGroup = 18E4AD5C2439E0B100B031B9;
			productRefGroup = 18E4AD662439E0B100B031B9 /* Products */;
			projectDirPath = "";
			projectRoot = "";
			targets = (
				18E4AD642439E0B100B031B9 /* TempratureConvertSwiftUI */,
			);
		};
/* End PBXProject section */

/* Begin PBXResourcesBuildPhase section */
		18E4AD632439E0B100B031B9 /* Resources */ = {
			isa = PBXResourcesBuildPhase;
			buildActionMask = 2147483647;
			files = (
				18E4AD752439E0B300B031B9 /* LaunchScreen.storyboard in Resources */,
				18E4AD722439E0B300B031B9 /* Preview Assets.xcassets in Resources */,
				18E4AD6F2439E0B300B031B9 /* Assets.xcassets in Resources */,
			);
			runOnlyForDeploymentPostprocessing = 0;
		};
/* End PBXResourcesBuildPhase section */

/* Begin PBXSourcesBuildPhase section */
		18E4AD612439E0B100B031B9 /* Sources */ = {
			isa = PBXSourcesBuildPhase;
			buildActionMask = 2147483647;
			files = (
				18E4AD692439E0B100B031B9 /* AppDelegate.swift in Sources */,
				18E4AD6B2439E0B100B031B9 /* SceneDelegate.swift in Sources */,
				18E4AD6D2439E0B100B031B9 /* ContentView.swift in Sources */,
			);
			runOnlyForDeploymentPostprocessing = 0;
		};
/* End PBXSourcesBuildPhase section */

/* Begin PBXVariantGroup section */
		18E4AD732439E0B300B031B9 /* LaunchScreen.storyboard */ = {
			isa = PBXVariantGroup;
			children = (
				18E4AD742439E0B300B031B9 /* Base */,
			);
			name = LaunchScreen.storyboard;
			sourceTree = "<group>";
		};
/* End PBXVariantGroup section */

/* Begin XCBuildConfiguration section */
		18E4AD772439E0B300B031B9 /* Debug */ = {
			isa = XCBuildConfiguration;
			buildSettings = {
				ALWAYS_SEARCH_USER_PATHS = NO;
				CLANG_ANALYZER_NONNULL = YES;
				CLANG_ANALYZER_NUMBER_OBJECT_CONVERSION = YES_AGGRESSIVE;
				CLANG_CXX_LANGUAGE_STANDARD = "gnu++14";
				CLANG_CXX_LIBRARY = "libc++";
				CLANG_ENABLE_MODULES = YES;
				CLANG_ENABLE_OBJC_ARC = YES;
				CLANG_ENABLE_OBJC_WEAK = YES;
				CLANG_WARN_BLOCK_CAPTURE_AUTORELEASING = YES;
				CLANG_WARN_BOOL_CONVERSION = YES;
				CLANG_WARN_COMMA = YES;
				CLANG_WARN_CONSTANT_CONVERSION = YES;
				CLANG_WARN_DEPRECATED_OBJC_IMPLEMENTATIONS = YES;
				CLANG_WARN_DIRECT_OBJC_ISA_USAGE = YES_ERROR;
				CLANG_WARN_DOCUMENTATION_COMMENTS = YES;
				CLANG_WARN_EMPTY_BODY = YES;
				CLANG_WARN_ENUM_CONVERSION = YES;
				CLANG_WARN_INFINITE_RECURSION = YES;
				CLANG_WARN_INT_CONVERSION = YES;
				CLANG_WARN_NON_LITERAL_NULL_CONVERSION = YES;
				CLANG_WARN_OBJC_IMPLICIT_RETAIN_SELF = YES;
				CLANG_WARN_OBJC_LITERAL_CONVERSION = YES;
				CLANG_WARN_OBJC_ROOT_CLASS = YES_ERROR;
				CLANG_WARN_RANGE_LOOP_ANALYSIS = YES;
				CLANG_WARN_STRICT_PROTOTYPES = YES;
				CLANG_WARN_SUSPICIOUS_MOVE = YES;
				CLANG_WARN_UNGUARDED_AVAILABILITY = YES_AGGRESSIVE;
				CLANG_WARN_UNREACHABLE_CODE = YES;
				CLANG_WARN__DUPLICATE_METHOD_MATCH = YES;
				COPY_PHASE_STRIP = NO;
				DEBUG_INFORMATION_FORMAT = dwarf;
				ENABLE_STRICT_OBJC_MSGSEND = YES;
				ENABLE_TESTABILITY = YES;
				GCC_C_LANGUAGE_STANDARD = gnu11;
				GCC_DYNAMIC_NO_PIC = NO;
				GCC_NO_COMMON_BLOCKS = YES;
				GCC_OPTIMIZATION_LEVEL = 0;
				GCC_PREPROCESSOR_DEFINITIONS = (
					"DEBUG=1",
					"$(inherited)",
				);
				GCC_WARN_64_TO_32_BIT_CONVERSION = YES;
				GCC_WARN_ABOUT_RETURN_TYPE = YES_ERROR;
				GCC_WARN_UNDECLARED_SELECTOR = YES;
				GCC_WARN_UNINITIALIZED_AUTOS = YES_AGGRESSIVE;
				GCC_WARN_UNUSED_FUNCTION = YES;
				GCC_WARN_UNUSED_VARIABLE = YES;
				IPHONEOS_DEPLOYMENT_TARGET = 13.4;
				MTL_ENABLE_DEBUG_INFO = INCLUDE_SOURCE;
				MTL_FAST_MATH = YES;
				ONLY_ACTIVE_ARCH = YES;
				SDKROOT = iphoneos;
				SWIFT_ACTIVE_COMPILATION_CONDITIONS = DEBUG;
				SWIFT_OPTIMIZATION_LEVEL = "-Onone";
			};
			name = Debug;
		};
		18E4AD782439E0B300B031B9 /* Release */ = {
			isa = XCBuildConfiguration;
			buildSettings = {
				ALWAYS_SEARCH_USER_PATHS = NO;
				CLANG_ANALYZER_NONNULL = YES;
				CLANG_ANALYZER_NUMBER_OBJECT_CONVERSION = YES_AGGRESSIVE;
				CLANG_CXX_LANGUAGE_STANDARD = "gnu++14";
				CLANG_CXX_LIBRARY = "libc++";
				CLANG_ENABLE_MODULES = YES;
				CLANG_ENABLE_OBJC_ARC = YES;
				CLANG_ENABLE_OBJC_WEAK = YES;
				CLANG_WARN_BLOCK_CAPTURE_AUTORELEASING = YES;
				CLANG_WARN_BOOL_CONVERSION = YES;
				CLANG_WARN_COMMA = YES;
				CLANG_WARN_CONSTANT_CONVERSION = YES;
				CLANG_WARN_DEPRECATED_OBJC_IMPLEMENTATIONS = YES;
				CLANG_WARN_DIRECT_OBJC_ISA_USAGE = YES_ERROR;
				CLANG_WARN_DOCUMENTATION_COMMENTS = YES;
				CLANG_WARN_EMPTY_BODY = YES;
				CLANG_WARN_ENUM_CONVERSION = YES;
				CLANG_WARN_INFINITE_RECURSION = YES;
				CLANG_WARN_INT_CONVERSION = YES;
				CLANG_WARN_NON_LITERAL_NULL_CONVERSION = YES;
				CLANG_WARN_OBJC_IMPLICIT_RETAIN_SELF = YES;
				CLANG_WARN_OBJC_LITERAL_CONVERSION = YES;
				CLANG_WARN_OBJC_ROOT_CLASS = YES_ERROR;
				CLANG_WARN_RANGE_LOOP_ANALYSIS = YES;
				CLANG_WARN_STRICT_PROTOTYPES = YES;
				CLANG_WARN_SUSPICIOUS_MOVE = YES;
				CLANG_WARN_UNGUARDED_AVAILABILITY = YES_AGGRESSIVE;
				CLANG_WARN_UNREACHABLE_CODE = YES;
				CLANG_WARN__DUPLICATE_METHOD_MATCH = YES;
				COPY_PHASE_STRIP = NO;
				DEBUG_INFORMATION_FORMAT = "dwarf-with-dsym";
				ENABLE_NS_ASSERTIONS = NO;
				ENABLE_STRICT_OBJC_MSGSEND = YES;
				GCC_C_LANGUAGE_STANDARD = gnu11;
				GCC_NO_COMMON_BLOCKS = YES;
				GCC_WARN_64_TO_32_BIT_CONVERSION = YES;
				GCC_WARN_ABOUT_RETURN_TYPE = YES_ERROR;
				GCC_WARN_UNDECLARED_SELECTOR = YES;
				GCC_WARN_UNINITIALIZED_AUTOS = YES_AGGRESSIVE;
				GCC_WARN_UNUSED_FUNCTION = YES;
				GCC_WARN_UNUSED_VARIABLE = YES;
				IPHONEOS_DEPLOYMENT_TARGET = 13.4;
				MTL_ENABLE_DEBUG_INFO = NO;
				MTL_FAST_MATH = YES;
				SDKROOT = iphoneos;
				SWIFT_COMPILATION_MODE = wholemodule;
				SWIFT_OPTIMIZATION_LEVEL = "-O";
				VALIDATE_PRODUCT = YES;
			};
			name = Release;
		};
		18E4AD7A2439E0B300B031B9 /* Debug */ = {
			isa = XCBuildConfiguration;
			buildSettings = {
				ASSETCATALOG_COMPILER_APPICON_NAME = AppIcon;
				CODE_SIGN_STYLE = Automatic;
				DEVELOPMENT_ASSET_PATHS = "\"TempratureConvertSwiftUI/Preview Content\"";
				DEVELOPMENT_TEAM = TL44D564XJ;
				ENABLE_PREVIEWS = YES;
				INFOPLIST_FILE = TempratureConvertSwiftUI/Info.plist;
				LD_RUNPATH_SEARCH_PATHS = (
					"$(inherited)",
					"@executable_path/Frameworks",
				);
				PRODUCT_BUNDLE_IDENTIFIER = com.mracipayam.TempratureConvertSwiftUI;
				PRODUCT_NAME = "$(TARGET_NAME)";
				SWIFT_VERSION = 5.0;
				TARGETED_DEVICE_FAMILY = "1,2";
			};
			name = Debug;
		};
		18E4AD7B2439E0B300B031B9 /* Release */ = {
			isa = XCBuildConfiguration;
			buildSettings = {
				ASSETCATALOG_COMPILER_APPICON_NAME = AppIcon;
				CODE_SIGN_STYLE = Automatic;
				DEVELOPMENT_ASSET_PATHS = "\"TempratureConvertSwiftUI/Preview Content\"";
				DEVELOPMENT_TEAM = TL44D564XJ;
				ENABLE_PREVIEWS = YES;
				INFOPLIST_FILE = TempratureConvertSwiftUI/Info.plist;
				LD_RUNPATH_SEARCH_PATHS = (
					"$(inherited)",
					"@executable_path/Frameworks",
				);
				PRODUCT_BUNDLE_IDENTIFIER = com.mracipayam.TempratureConvertSwiftUI;
				PRODUCT_NAME = "$(TARGET_NAME)";
				SWIFT_VERSION = 5.0;
				TARGETED_DEVICE_FAMILY = "1,2";
			};
			name = Release;
		};
/* End XCBuildConfiguration section */

/* Begin XCConfigurationList section */
		18E4AD602439E0B100B031B9 /* Build configuration list for PBXProject "TempratureConvertSwiftUI" */ = {
			isa = XCConfigurationList;
			buildConfigurations = (
				18E4AD772439E0B300B031B9 /* Debug */,
				18E4AD782439E0B300B031B9 /* Release */,
			);
			defaultConfigurationIsVisible = 0;
			defaultConfigurationName = Release;
		};
		18E4AD792439E0B300B031B9 /* Build configuration list for PBXNativeTarget "TempratureConvertSwiftUI" */ = {
			isa = XCConfigurationList;
			buildConfigurations = (
				18E4AD7A2439E0B300B031B9 /* Debug */,
				18E4AD7B2439E0B300B031B9 /* Release */,
			);
			defaultConfigurationIsVisible = 0;
			defaultConfigurationName = Release;
		};
/* End XCConfigurationList section */
	};
	rootObject = 18E4AD5D2439E0B100B031B9 /* Project object */;
}
